
Microsoft Visual Studio Solution File, Format Version 12.00
# Visual Studio Version 16
VisualStudioVersion = 16.0.30517.126
MinimumVisualStudioVersion = 10.0.40219.1
Project("{8BC9CEB8-8B4A-11D0-8D11-00A0C91BC942}") = "TestApp", "Frana_SemestralniPrace\Frana_SemestralniPrace.vcxproj", "{33CB01F1-BADD-4F87-9182-8C8C80149F08}"
EndProject
Project("{8BC9CEB8-8B4A-11D0-8D11-00A0C91BC942}") = "JsonLibrary", "JsonLibrary\JsonLibrary.vcxproj", "{BBC709D1-7F87-42B8-90B1-004E4527ECE8}"
EndProject
Global
	GlobalSection(SolutionConfigurationPlatforms) = preSolution
		Debug|x64 = Debug|x64
		Debug|x86 = Debug|x86
		Release|x64 = Release|x64
		Release|x86 = Release|x86
	EndGlobalSection
	GlobalSection(ProjectConfigurationPlatforms) = postSolution
		{33CB01F1-BADD-4F87-9182-8C8C80149F08}.Debug|x64.ActiveCfg = Debug|x64
		{33CB01F1-BADD-4F87-9182-8C8C80149F08}.Debug|x64.Build.0 = Debug|x64
		{33CB01F1-BADD-4F87-9182-8C8C80149F08}.Debug|x86.ActiveCfg = Debug|Win32
		{33CB01F1-BADD-4F87-9182-8C8C80149F08}.Debug|x86.Build.0 = Debug|Win32
		{33CB01F1-BADD-4F87-9182-8C8C80149F08}.Release|x64.ActiveCfg = Release|x64
		{33CB01F1-BADD-4F87-9182-8C8C80149F08}.Release|x64.Build.0 = Release|x64
		{33CB01F1-BADD-4F87-9182-8C8C80149F08}.Release|x86.ActiveCfg = Release|Win32
		{33CB01F1-BADD-4F87-9182-8C8C80149F08}.Release|x86.Build.0 = Release|Win32
		{BBC709D1-7F87-42B8-90B1-004E4527ECE8}.Debug|x64.ActiveCfg = Debug|x64
		{BBC709D1-7F87-42B8-90B1-004E4527ECE8}.Debug|x64.Build.0 = Debug|x64
		{BBC709D1-7F87-42B8-90B1-004E4527ECE8}.Debug|x86.ActiveCfg = Debug|Win32
		{BBC709D1-7F87-42B8-90B1-004E4527ECE8}.Debug|x86.Build.0 = Debug|Win32
		{BBC709D1-7F87-42B8-90B1-004E4527ECE8}.Release|x64.ActiveCfg = Release|x64
		{BBC709D1-7F87-42B8-90B1-004E4527ECE8}.Release|x64.Build.0 = Release|x64
		{BBC709D1-7F87-42B8-90B1-004E4527ECE8}.Release|x86.ActiveCfg = Release|Win32
		{BBC709D1-7F87-42B8-90B1-004E4527ECE8}.Release|x86.Build.0 = Release|Win32
	EndGlobalSection
	GlobalSection(SolutionProperties) = preSolution
		HideSolutionNode = FALSE
	EndGlobalSection
	GlobalSection(ExtensibilityGlobals) = postSolution
		SolutionGuid = {360FED39-6D4B-415D-A02B-42CD4F9BBEBE}
	EndGlobalSection
EndGlobal
